
Microsoft Visual Studio Solution File, Format Version 12.00
# Visual Studio Version 17
VisualStudioVersion = 17.5.33424.131
MinimumVisualStudioVersion = 10.0.40219.1
Project("{9A19103F-16F7-4668-BE54-9A1E7A4F7556}") = "Store.Api", "Store.Api\Store.Api.csproj", "{09B0B5F9-F934-45EB-84A4-6A525312C625}"
EndProject
Project("{FAE04EC0-301F-11D3-BF4B-00C04F79EFBC}") = "Store.Data", "Store.Data\Store.Data.csproj", "{39DC1B53-7AF1-4BC8-B28C-162045010B8A}"
EndProject
Global
	GlobalSection(SolutionConfigurationPlatforms) = preSolution
		Debug|Any CPU = Debug|Any CPU
		Release|Any CPU = Release|Any CPU
	EndGlobalSection
	GlobalSection(ProjectConfigurationPlatforms) = postSolution
		{09B0B5F9-F934-45EB-84A4-6A525312C625}.Debug|Any CPU.ActiveCfg = Debug|Any CPU
		{09B0B5F9-F934-45EB-84A4-6A525312C625}.Debug|Any CPU.Build.0 = Debug|Any CPU
		{09B0B5F9-F934-45EB-84A4-6A525312C625}.Release|Any CPU.ActiveCfg = Release|Any CPU
		{09B0B5F9-F934-45EB-84A4-6A525312C625}.Release|Any CPU.Build.0 = Release|Any CPU
		{39DC1B53-7AF1-4BC8-B28C-162045010B8A}.Debug|Any CPU.ActiveCfg = Debug|Any CPU
		{39DC1B53-7AF1-4BC8-B28C-162045010B8A}.Debug|Any CPU.Build.0 = Debug|Any CPU
		{39DC1B53-7AF1-4BC8-B28C-162045010B8A}.Release|Any CPU.ActiveCfg = Release|Any CPU
		{39DC1B53-7AF1-4BC8-B28C-162045010B8A}.Release|Any CPU.Build.0 = Release|Any CPU
	EndGlobalSection
	GlobalSection(SolutionProperties) = preSolution
		HideSolutionNode = FALSE
	EndGlobalSection
	GlobalSection(ExtensibilityGlobals) = postSolution
		SolutionGuid = {98F453B4-6ED2-4ED4-965A-73B7A4AD2FED}
	EndGlobalSection
EndGlobal
